
Microsoft Visual Studio Solution File, Format Version 12.00
# Visual Studio 15
Project("{FAE04EC0-301F-11D3-BF4B-00C04F79EFBC}") = "Unity.Timeline", "Unity.Timeline.csproj", "{79D61986-569E-CF13-2088-FF5B684C5A64}"
EndProject
Project("{FAE04EC0-301F-11D3-BF4B-00C04F79EFBC}") = "Unity.Timeline.Editor", "Unity.Timeline.Editor.csproj", "{5BE0BDE3-0702-C535-1A5C-95298A3A221F}"
EndProject
Project("{FAE04EC0-301F-11D3-BF4B-00C04F79EFBC}") = "Unity.TextMeshPro.Editor", "Unity.TextMeshPro.Editor.csproj", "{8647E6D9-8C30-CB28-B75C-CA30538CCB5F}"
EndProject
Project("{FAE04EC0-301F-11D3-BF4B-00C04F79EFBC}") = "Unity.VisualScripting.Flow", "Unity.VisualScripting.Flow.csproj", "{F30816A8-E1AA-20D7-7BE1-173BD6EAD21D}"
EndProject
Project("{FAE04EC0-301F-11D3-BF4B-00C04F79EFBC}") = "UnityEditor.UI", "UnityEditor.UI.csproj", "{E0F1BEFC-B59C-ADD8-B986-F767AD6F6F60}"
EndProject
Project("{FAE04EC0-301F-11D3-BF4B-00C04F79EFBC}") = "Unity.PlasticSCM.Editor", "Unity.PlasticSCM.Editor.csproj", "{B59FC5BB-C3BE-AF60-0829-EA3CC93EF67B}"
EndProject
Project("{FAE04EC0-301F-11D3-BF4B-00C04F79EFBC}") = "Unity.VisualScripting.Core", "Unity.VisualScripting.Core.csproj", "{6D568EBF-0319-7894-8B36-3A2004DDA95C}"
EndProject
Project("{FAE04EC0-301F-11D3-BF4B-00C04F79EFBC}") = "Unity.VisualScripting.Core.Editor", "Unity.VisualScripting.Core.Editor.csproj", "{510094C3-614A-F8D1-D791-FF5ED867C584}"
EndProject
Project("{FAE04EC0-301F-11D3-BF4B-00C04F79EFBC}") = "Unity.VisualScripting.Flow.Editor", "Unity.VisualScripting.Flow.Editor.csproj", "{4792F48D-A8C5-646D-8F03-1021D13389B4}"
EndProject
Project("{FAE04EC0-301F-11D3-BF4B-00C04F79EFBC}") = "UnityEditor.TestRunner", "UnityEditor.TestRunner.csproj", "{983ED86D-E332-EC19-C072-CE863DBD9331}"
EndProject
Project("{FAE04EC0-301F-11D3-BF4B-00C04F79EFBC}") = "Unity.VisualScripting.SettingsProvider.Editor", "Unity.VisualScripting.SettingsProvider.Editor.csproj", "{77FB495D-0B1D-F403-2E3E-A98AFB141D31}"
EndProject
Project("{FAE04EC0-301F-11D3-BF4B-00C04F79EFBC}") = "UnityEngine.TestRunner", "UnityEngine.TestRunner.csproj", "{6943BE20-3F28-4879-F255-3EE8797FC3E4}"
EndProject
Project("{FAE04EC0-301F-11D3-BF4B-00C04F79EFBC}") = "UnityEngine.UI", "UnityEngine.UI.csproj", "{BD4AD947-A09B-ACBF-D872-8DAD98052014}"
EndProject
Project("{FAE04EC0-301F-11D3-BF4B-00C04F79EFBC}") = "Unity.VisualStudio.Editor", "Unity.VisualStudio.Editor.csproj", "{00BF960E-7776-80F9-F3CC-194AB80EE1B4}"
EndProject
Project("{FAE04EC0-301F-11D3-BF4B-00C04F79EFBC}") = "Unity.TestTools.CodeCoverage.Editor.OpenCover.Model", "Unity.TestTools.CodeCoverage.Editor.OpenCover.Model.csproj", "{FC7EBF2A-7442-D950-889C-27046F23A5BA}"
EndProject
Project("{FAE04EC0-301F-11D3-BF4B-00C04F79EFBC}") = "Unity.Rider.Editor", "Unity.Rider.Editor.csproj", "{0AD7D78F-8AB1-D426-0CFE-E532D78A14B4}"
EndProject
Project("{FAE04EC0-301F-11D3-BF4B-00C04F79EFBC}") = "Unity.VisualScripting.State.Editor", "Unity.VisualScripting.State.Editor.csproj", "{23C84669-4D62-D220-D5C5-548D9CD5039E}"
EndProject
Project("{FAE04EC0-301F-11D3-BF4B-00C04F79EFBC}") = "Unity.TestTools.CodeCoverage.Editor", "Unity.TestTools.CodeCoverage.Editor.csproj", "{FE39D103-99EF-D9D8-9CF0-9E7079F0B234}"
EndProject
Project("{FAE04EC0-301F-11D3-BF4B-00C04F79EFBC}") = "Unity.VisualScripting.State", "Unity.VisualScripting.State.csproj", "{63BBA939-204C-39C0-FB6E-CC222D2E2267}"
EndProject
Project("{FAE04EC0-301F-11D3-BF4B-00C04F79EFBC}") = "Unity.TextMeshPro", "Unity.TextMeshPro.csproj", "{51F60B6D-9834-03C9-EE3F-AD6DECD37845}"
EndProject
Project("{FAE04EC0-301F-11D3-BF4B-00C04F79EFBC}") = "Unity.Performance.Profile-Analyzer.Editor", "Unity.Performance.Profile-Analyzer.Editor.csproj", "{17AB27E9-4738-D70A-392B-FF071D16070F}"
EndProject
Project("{FAE04EC0-301F-11D3-BF4B-00C04F79EFBC}") = "Unity.VSCode.Editor", "Unity.VSCode.Editor.csproj", "{73F17F2A-C253-BA9A-A712-CEF1CD645DF5}"
EndProject
Project("{FAE04EC0-301F-11D3-BF4B-00C04F79EFBC}") = "Unity.TestTools.CodeCoverage.Editor.OpenCover.Mono.Reflection", "Unity.TestTools.CodeCoverage.Editor.OpenCover.Mono.Reflection.csproj", "{1C7E1243-A915-F17E-73E4-D2B67D15B0D1}"
EndProject
Project("{FAE04EC0-301F-11D3-BF4B-00C04F79EFBC}") = "Unity.Settings.Editor", "Unity.Settings.Editor.csproj", "{6DAEAA35-AEEC-3A28-DDB6-5D37AA1ED1B2}"
EndProject
Project("{FAE04EC0-301F-11D3-BF4B-00C04F79EFBC}") = "Unity.EditorCoroutines.Editor", "Unity.EditorCoroutines.Editor.csproj", "{81F78B6A-F995-8901-3E92-EE98E7E1B412}"
EndProject
Project("{FAE04EC0-301F-11D3-BF4B-00C04F79EFBC}") = "Assembly-CSharp", "Assembly-CSharp.csproj", "{241A67AC-823F-93E7-B223-2CA658310CCA}"
EndProject
Project("{FAE04EC0-301F-11D3-BF4B-00C04F79EFBC}") = "Unity.VisualScripting.Shared.Editor", "Unity.VisualScripting.Shared.Editor.csproj", "{9E79DD4A-0928-259C-6F99-3D69212E14F7}"
EndProject
Project("{FAE04EC0-301F-11D3-BF4B-00C04F79EFBC}") = "Unity.CollabProxy.Editor", "Unity.CollabProxy.Editor.csproj", "{FB503AF7-BB48-C4C6-D6F4-2CF1B53B25F1}"
EndProject
Global
	GlobalSection(SolutionConfigurationPlatforms) = preSolution
		Debug|Any CPU = Debug|Any CPU
		Release|Any CPU = Release|Any CPU
	EndGlobalSection
	GlobalSection(ProjectConfigurationPlatforms) = postSolution
		{79D61986-569E-CF13-2088-FF5B684C5A64}.Debug|Any CPU.ActiveCfg = Debug|Any CPU
		{79D61986-569E-CF13-2088-FF5B684C5A64}.Debug|Any CPU.Build.0 = Debug|Any CPU
		{79D61986-569E-CF13-2088-FF5B684C5A64}.Release|Any CPU.ActiveCfg = Release|Any CPU
		{79D61986-569E-CF13-2088-FF5B684C5A64}.Release|Any CPU.Build.0 = Release|Any CPU
		{5BE0BDE3-0702-C535-1A5C-95298A3A221F}.Debug|Any CPU.ActiveCfg = Debug|Any CPU
		{5BE0BDE3-0702-C535-1A5C-95298A3A221F}.Debug|Any CPU.Build.0 = Debug|Any CPU
		{5BE0BDE3-0702-C535-1A5C-95298A3A221F}.Release|Any CPU.ActiveCfg = Release|Any CPU
		{5BE0BDE3-0702-C535-1A5C-95298A3A221F}.Release|Any CPU.Build.0 = Release|Any CPU
		{8647E6D9-8C30-CB28-B75C-CA30538CCB5F}.Debug|Any CPU.ActiveCfg = Debug|Any CPU
		{8647E6D9-8C30-CB28-B75C-CA30538CCB5F}.Debug|Any CPU.Build.0 = Debug|Any CPU
		{8647E6D9-8C30-CB28-B75C-CA30538CCB5F}.Release|Any CPU.ActiveCfg = Release|Any CPU
		{8647E6D9-8C30-CB28-B75C-CA30538CCB5F}.Release|Any CPU.Build.0 = Release|Any CPU
		{F30816A8-E1AA-20D7-7BE1-173BD6EAD21D}.Debug|Any CPU.ActiveCfg = Debug|Any CPU
		{F30816A8-E1AA-20D7-7BE1-173BD6EAD21D}.Debug|Any CPU.Build.0 = Debug|Any CPU
		{F30816A8-E1AA-20D7-7BE1-173BD6EAD21D}.Release|Any CPU.ActiveCfg = Release|Any CPU
		{F30816A8-E1AA-20D7-7BE1-173BD6EAD21D}.Release|Any CPU.Build.0 = Release|Any CPU
		{E0F1BEFC-B59C-ADD8-B986-F767AD6F6F60}.Debug|Any CPU.ActiveCfg = Debug|Any CPU
		{E0F1BEFC-B59C-ADD8-B986-F767AD6F6F60}.Debug|Any CPU.Build.0 = Debug|Any CPU
		{E0F1BEFC-B59C-ADD8-B986-F767AD6F6F60}.Release|Any CPU.ActiveCfg = Release|Any CPU
		{E0F1BEFC-B59C-ADD8-B986-F767AD6F6F60}.Release|Any CPU.Build.0 = Release|Any CPU
		{B59FC5BB-C3BE-AF60-0829-EA3CC93EF67B}.Debug|Any CPU.ActiveCfg = Debug|Any CPU
		{B59FC5BB-C3BE-AF60-0829-EA3CC93EF67B}.Debug|Any CPU.Build.0 = Debug|Any CPU
		{B59FC5BB-C3BE-AF60-0829-EA3CC93EF67B}.Release|Any CPU.ActiveCfg = Release|Any CPU
		{B59FC5BB-C3BE-AF60-0829-EA3CC93EF67B}.Release|Any CPU.Build.0 = Release|Any CPU
		{6D568EBF-0319-7894-8B36-3A2004DDA95C}.Debug|Any CPU.ActiveCfg = Debug|Any CPU
		{6D568EBF-0319-7894-8B36-3A2004DDA95C}.Debug|Any CPU.Build.0 = Debug|Any CPU
		{6D568EBF-0319-7894-8B36-3A2004DDA95C}.Release|Any CPU.ActiveCfg = Release|Any CPU
		{6D568EBF-0319-7894-8B36-3A2004DDA95C}.Release|Any CPU.Build.0 = Release|Any CPU
		{510094C3-614A-F8D1-D791-FF5ED867C584}.Debug|Any CPU.ActiveCfg = Debug|Any CPU
		{510094C3-614A-F8D1-D791-FF5ED867C584}.Debug|Any CPU.Build.0 = Debug|Any CPU
		{510094C3-614A-F8D1-D791-FF5ED867C584}.Release|Any CPU.ActiveCfg = Release|Any CPU
		{510094C3-614A-F8D1-D791-FF5ED867C584}.Release|Any CPU.Build.0 = Release|Any CPU
		{4792F48D-A8C5-646D-8F03-1021D13389B4}.Debug|Any CPU.ActiveCfg = Debug|Any CPU
		{4792F48D-A8C5-646D-8F03-1021D13389B4}.Debug|Any CPU.Build.0 = Debug|Any CPU
		{4792F48D-A8C5-646D-8F03-1021D13389B4}.Release|Any CPU.ActiveCfg = Release|Any CPU
		{4792F48D-A8C5-646D-8F03-1021D13389B4}.Release|Any CPU.Build.0 = Release|Any CPU
		{983ED86D-E332-EC19-C072-CE863DBD9331}.Debug|Any CPU.ActiveCfg = Debug|Any CPU
		{983ED86D-E332-EC19-C072-CE863DBD9331}.Debug|Any CPU.Build.0 = Debug|Any CPU
		{983ED86D-E332-EC19-C072-CE863DBD9331}.Release|Any CPU.ActiveCfg = Release|Any CPU
		{983ED86D-E332-EC19-C072-CE863DBD9331}.Release|Any CPU.Build.0 = Release|Any CPU
		{77FB495D-0B1D-F403-2E3E-A98AFB141D31}.Debug|Any CPU.ActiveCfg = Debug|Any CPU
		{77FB495D-0B1D-F403-2E3E-A98AFB141D31}.Debug|Any CPU.Build.0 = Debug|Any CPU
		{77FB495D-0B1D-F403-2E3E-A98AFB141D31}.Release|Any CPU.ActiveCfg = Release|Any CPU
		{77FB495D-0B1D-F403-2E3E-A98AFB141D31}.Release|Any CPU.Build.0 = Release|Any CPU
		{6943BE20-3F28-4879-F255-3EE8797FC3E4}.Debug|Any CPU.ActiveCfg = Debug|Any CPU
		{6943BE20-3F28-4879-F255-3EE8797FC3E4}.Debug|Any CPU.Build.0 = Debug|Any CPU
		{6943BE20-3F28-4879-F255-3EE8797FC3E4}.Release|Any CPU.ActiveCfg = Release|Any CPU
		{6943BE20-3F28-4879-F255-3EE8797FC3E4}.Release|Any CPU.Build.0 = Release|Any CPU
		{BD4AD947-A09B-ACBF-D872-8DAD98052014}.Debug|Any CPU.ActiveCfg = Debug|Any CPU
		{BD4AD947-A09B-ACBF-D872-8DAD98052014}.Debug|Any CPU.Build.0 = Debug|Any CPU
		{BD4AD947-A09B-ACBF-D872-8DAD98052014}.Release|Any CPU.ActiveCfg = Release|Any CPU
		{BD4AD947-A09B-ACBF-D872-8DAD98052014}.Release|Any CPU.Build.0 = Release|Any CPU
		{00BF960E-7776-80F9-F3CC-194AB80EE1B4}.Debug|Any CPU.ActiveCfg = Debug|Any CPU
		{00BF960E-7776-80F9-F3CC-194AB80EE1B4}.Debug|Any CPU.Build.0 = Debug|Any CPU
		{00BF960E-7776-80F9-F3CC-194AB80EE1B4}.Release|Any CPU.ActiveCfg = Release|Any CPU
		{00BF960E-7776-80F9-F3CC-194AB80EE1B4}.Release|Any CPU.Build.0 = Release|Any CPU
		{FC7EBF2A-7442-D950-889C-27046F23A5BA}.Debug|Any CPU.ActiveCfg = Debug|Any CPU
		{FC7EBF2A-7442-D950-889C-27046F23A5BA}.Debug|Any CPU.Build.0 = Debug|Any CPU
		{FC7EBF2A-7442-D950-889C-27046F23A5BA}.Release|Any CPU.ActiveCfg = Release|Any CPU
		{FC7EBF2A-7442-D950-889C-27046F23A5BA}.Release|Any CPU.Build.0 = Release|Any CPU
		{0AD7D78F-8AB1-D426-0CFE-E532D78A14B4}.Debug|Any CPU.ActiveCfg = Debug|Any CPU
		{0AD7D78F-8AB1-D426-0CFE-E532D78A14B4}.Debug|Any CPU.Build.0 = Debug|Any CPU
		{0AD7D78F-8AB1-D426-0CFE-E532D78A14B4}.Release|Any CPU.ActiveCfg = Release|Any CPU
		{0AD7D78F-8AB1-D426-0CFE-E532D78A14B4}.Release|Any CPU.Build.0 = Release|Any CPU
		{23C84669-4D62-D220-D5C5-548D9CD5039E}.Debug|Any CPU.ActiveCfg = Debug|Any CPU
		{23C84669-4D62-D220-D5C5-548D9CD5039E}.Debug|Any CPU.Build.0 = Debug|Any CPU
		{23C84669-4D62-D220-D5C5-548D9CD5039E}.Release|Any CPU.ActiveCfg = Release|Any CPU
		{23C84669-4D62-D220-D5C5-548D9CD5039E}.Release|Any CPU.Build.0 = Release|Any CPU
		{FE39D103-99EF-D9D8-9CF0-9E7079F0B234}.Debug|Any CPU.ActiveCfg = Debug|Any CPU
		{FE39D103-99EF-D9D8-9CF0-9E7079F0B234}.Debug|Any CPU.Build.0 = Debug|Any CPU
		{FE39D103-99EF-D9D8-9CF0-9E7079F0B234}.Release|Any CPU.ActiveCfg = Release|Any CPU
		{FE39D103-99EF-D9D8-9CF0-9E7079F0B234}.Release|Any CPU.Build.0 = Release|Any CPU
		{63BBA939-204C-39C0-FB6E-CC222D2E2267}.Debug|Any CPU.ActiveCfg = Debug|Any CPU
		{63BBA939-204C-39C0-FB6E-CC222D2E2267}.Debug|Any CPU.Build.0 = Debug|Any CPU
		{63BBA939-204C-39C0-FB6E-CC222D2E2267}.Release|Any CPU.ActiveCfg = Release|Any CPU
		{63BBA939-204C-39C0-FB6E-CC222D2E2267}.Release|Any CPU.Build.0 = Release|Any CPU
		{51F60B6D-9834-03C9-EE3F-AD6DECD37845}.Debug|Any CPU.ActiveCfg = Debug|Any CPU
		{51F60B6D-9834-03C9-EE3F-AD6DECD37845}.Debug|Any CPU.Build.0 = Debug|Any CPU
		{51F60B6D-9834-03C9-EE3F-AD6DECD37845}.Release|Any CPU.ActiveCfg = Release|Any CPU
		{51F60B6D-9834-03C9-EE3F-AD6DECD37845}.Release|Any CPU.Build.0 = Release|Any CPU
		{17AB27E9-4738-D70A-392B-FF071D16070F}.Debug|Any CPU.ActiveCfg = Debug|Any CPU
		{17AB27E9-4738-D70A-392B-FF071D16070F}.Debug|Any CPU.Build.0 = Debug|Any CPU
		{17AB27E9-4738-D70A-392B-FF071D16070F}.Release|Any CPU.ActiveCfg = Release|Any CPU
		{17AB27E9-4738-D70A-392B-FF071D16070F}.Release|Any CPU.Build.0 = Release|Any CPU
		{73F17F2A-C253-BA9A-A712-CEF1CD645DF5}.Debug|Any CPU.ActiveCfg = Debug|Any CPU
		{73F17F2A-C253-BA9A-A712-CEF1CD645DF5}.Debug|Any CPU.Build.0 = Debug|Any CPU
		{73F17F2A-C253-BA9A-A712-CEF1CD645DF5}.Release|Any CPU.ActiveCfg = Release|Any CPU
		{73F17F2A-C253-BA9A-A712-CEF1CD645DF5}.Release|Any CPU.Build.0 = Release|Any CPU
		{1C7E1243-A915-F17E-73E4-D2B67D15B0D1}.Debug|Any CPU.ActiveCfg = Debug|Any CPU
		{1C7E1243-A915-F17E-73E4-D2B67D15B0D1}.Debug|Any CPU.Build.0 = Debug|Any CPU
		{1C7E1243-A915-F17E-73E4-D2B67D15B0D1}.Release|Any CPU.ActiveCfg = Release|Any CPU
		{1C7E1243-A915-F17E-73E4-D2B67D15B0D1}.Release|Any CPU.Build.0 = Release|Any CPU
		{6DAEAA35-AEEC-3A28-DDB6-5D37AA1ED1B2}.Debug|Any CPU.ActiveCfg = Debug|Any CPU
		{6DAEAA35-AEEC-3A28-DDB6-5D37AA1ED1B2}.Debug|Any CPU.Build.0 = Debug|Any CPU
		{6DAEAA35-AEEC-3A28-DDB6-5D37AA1ED1B2}.Release|Any CPU.ActiveCfg = Release|Any CPU
		{6DAEAA35-AEEC-3A28-DDB6-5D37AA1ED1B2}.Release|Any CPU.Build.0 = Release|Any CPU
		{81F78B6A-F995-8901-3E92-EE98E7E1B412}.Debug|Any CPU.ActiveCfg = Debug|Any CPU
		{81F78B6A-F995-8901-3E92-EE98E7E1B412}.Debug|Any CPU.Build.0 = Debug|Any CPU
		{81F78B6A-F995-8901-3E92-EE98E7E1B412}.Release|Any CPU.ActiveCfg = Release|Any CPU
		{81F78B6A-F995-8901-3E92-EE98E7E1B412}.Release|Any CPU.Build.0 = Release|Any CPU
		{241A67AC-823F-93E7-B223-2CA658310CCA}.Debug|Any CPU.ActiveCfg = Debug|Any CPU
		{241A67AC-823F-93E7-B223-2CA658310CCA}.Debug|Any CPU.Build.0 = Debug|Any CPU
		{241A67AC-823F-93E7-B223-2CA658310CCA}.Release|Any CPU.ActiveCfg = Release|Any CPU
		{241A67AC-823F-93E7-B223-2CA658310CCA}.Release|Any CPU.Build.0 = Release|Any CPU
		{9E79DD4A-0928-259C-6F99-3D69212E14F7}.Debug|Any CPU.ActiveCfg = Debug|Any CPU
		{9E79DD4A-0928-259C-6F99-3D69212E14F7}.Debug|Any CPU.Build.0 = Debug|Any CPU
		{9E79DD4A-0928-259C-6F99-3D69212E14F7}.Release|Any CPU.ActiveCfg = Release|Any CPU
		{9E79DD4A-0928-259C-6F99-3D69212E14F7}.Release|Any CPU.Build.0 = Release|Any CPU
		{FB503AF7-BB48-C4C6-D6F4-2CF1B53B25F1}.Debug|Any CPU.ActiveCfg = Debug|Any CPU
		{FB503AF7-BB48-C4C6-D6F4-2CF1B53B25F1}.Debug|Any CPU.Build.0 = Debug|Any CPU
		{FB503AF7-BB48-C4C6-D6F4-2CF1B53B25F1}.Release|Any CPU.ActiveCfg = Release|Any CPU
		{FB503AF7-BB48-C4C6-D6F4-2CF1B53B25F1}.Release|Any CPU.Build.0 = Release|Any CPU
	EndGlobalSection
	GlobalSection(SolutionProperties) = preSolution
		HideSolutionNode = FALSE
	EndGlobalSection
EndGlobal
